{
  "name": "yousaf-pairing-v1",
  "version": "1.0.0",
  "description": "Yousuf Baloch MD Bot",
  "main": "index.js",
  "scripts": {
    "start": "node index.js"
  },
  "engines": {
    "node": "18.x",
    "npm": ">=9.0.0"
  },
  "dependencies": {
    "@whiskeysockets/baileys": "latest",
    "pino": "latest",
    "qrcode-terminal": "latest",
    "sharp": "latest"
  }
}
