{
  "name": "yousaf-pairing-v1",
  "version": "1.0.0",
  "lockfileVersion": 2,
  "requires": true,
  "packages": {
    "": {
      "name": "yousaf-pairing-v1",
      "version": "1.0.0",
      "dependencies": {
        "@whiskeysockets/baileys": "latest",
        "pino": "latest",
        "qrcode-terminal": "latest",
        "express": "latest"
      }
    }
  }
}
