{
  "name": "yousaf-baloch-md-core",
  "version": "3.0.0",
  "lockfileVersion": 3,
  "requires": true,
  "packages": {
    "": {
      "name": "yousaf-baloch-md-core",
      "version": "3.0.0",
      "license": "MIT",
      "dependencies": {
        "@whiskeysockets/baileys": "6.7.9",
        "express": "^4.19.2",
        "pino": "^9.0.0",
        "dotenv": "^16.4.5",
        "axios": "^1.6.0"
      }
    }
  }
}

